
Microsoft Visual Studio Solution File, Format Version 12.00
# Visual Studio Version 17
VisualStudioVersion = 17.1.32328.378
MinimumVisualStudioVersion = 10.0.40219.1
Project("{2150E333-8FDC-42A3-9474-1A3956D46DE8}") = "App", "App", "{B5DA1777-1895-42F1-B6E4-440C76D72285}"
EndProject
Project("{2150E333-8FDC-42A3-9474-1A3956D46DE8}") = "Shared", "Shared", "{F6DB4996-CB59-450F-8C2C-BCAEEBC8DD39}"
EndProject
Project("{9A19103F-16F7-4668-BE54-9A1E7A4F7556}") = "Shared", "src\Shared\Shared.csproj", "{EFD00032-38D5-41C3-A078-1F390B146EA8}"
EndProject
Project("{9A19103F-16F7-4668-BE54-9A1E7A4F7556}") = "AuditLogging.EntityFramework", "src\auditlogging\AuditLogging.EntityFramework\AuditLogging.EntityFramework.csproj", "{0DA348EC-5305-4207-BA77-D03F80039561}"
EndProject
Project("{9A19103F-16F7-4668-BE54-9A1E7A4F7556}") = "AuditLogging", "src\auditlogging\AuditLogging\AuditLogging.csproj", "{9E4F5946-F8B7-409C-99B1-6A42FB143B88}"
EndProject
Project("{9A19103F-16F7-4668-BE54-9A1E7A4F7556}") = "RunOtp.Domain", "src\app\RunOtp.Domain\RunOtp.Domain.csproj", "{96A62C38-8374-486A-A48A-5B97ECD3948A}"
EndProject
Project("{FAE04EC0-301F-11D3-BF4B-00C04F79EFBC}") = "RunOtp.Infrastructure", "src\app\RunOtp.Infrastructure\RunOtp.Infrastructure.csproj", "{8E99370A-615D-40FF-8FD3-F71531CDE6C5}"
EndProject
Project("{FAE04EC0-301F-11D3-BF4B-00C04F79EFBC}") = "RunOtp.WebApi", "src\app\RunOtp.WebApi\RunOtp.WebApi.csproj", "{3AE54668-2827-4C6F-8528-93C869AF6BF6}"
EndProject
Project("{FAE04EC0-301F-11D3-BF4B-00C04F79EFBC}") = "RunOtp.Driver", "src\app\RunOtp.Driver\RunOtp.Driver.csproj", "{DE9078EE-9117-4401-B513-6C4097C07FBE}"
EndProject
Project("{FAE04EC0-301F-11D3-BF4B-00C04F79EFBC}") = "Serilog.Sinks.Telegram", "src\app\Serilog.Sinks.Telegram\Serilog.Sinks.Telegram.csproj", "{8FE8A31A-DAC5-4BB4-BFC2-3F215BAD9FB1}"
EndProject
Global
	GlobalSection(SolutionConfigurationPlatforms) = preSolution
		Debug|Any CPU = Debug|Any CPU
		Release|Any CPU = Release|Any CPU
	EndGlobalSection
	GlobalSection(ProjectConfigurationPlatforms) = postSolution
		{EFD00032-38D5-41C3-A078-1F390B146EA8}.Debug|Any CPU.ActiveCfg = Debug|Any CPU
		{EFD00032-38D5-41C3-A078-1F390B146EA8}.Debug|Any CPU.Build.0 = Debug|Any CPU
		{EFD00032-38D5-41C3-A078-1F390B146EA8}.Release|Any CPU.ActiveCfg = Release|Any CPU
		{EFD00032-38D5-41C3-A078-1F390B146EA8}.Release|Any CPU.Build.0 = Release|Any CPU
		{0DA348EC-5305-4207-BA77-D03F80039561}.Debug|Any CPU.ActiveCfg = Debug|Any CPU
		{0DA348EC-5305-4207-BA77-D03F80039561}.Debug|Any CPU.Build.0 = Debug|Any CPU
		{0DA348EC-5305-4207-BA77-D03F80039561}.Release|Any CPU.ActiveCfg = Release|Any CPU
		{0DA348EC-5305-4207-BA77-D03F80039561}.Release|Any CPU.Build.0 = Release|Any CPU
		{9E4F5946-F8B7-409C-99B1-6A42FB143B88}.Debug|Any CPU.ActiveCfg = Debug|Any CPU
		{9E4F5946-F8B7-409C-99B1-6A42FB143B88}.Debug|Any CPU.Build.0 = Debug|Any CPU
		{9E4F5946-F8B7-409C-99B1-6A42FB143B88}.Release|Any CPU.ActiveCfg = Release|Any CPU
		{9E4F5946-F8B7-409C-99B1-6A42FB143B88}.Release|Any CPU.Build.0 = Release|Any CPU
		{96A62C38-8374-486A-A48A-5B97ECD3948A}.Debug|Any CPU.ActiveCfg = Debug|Any CPU
		{96A62C38-8374-486A-A48A-5B97ECD3948A}.Debug|Any CPU.Build.0 = Debug|Any CPU
		{96A62C38-8374-486A-A48A-5B97ECD3948A}.Release|Any CPU.ActiveCfg = Release|Any CPU
		{96A62C38-8374-486A-A48A-5B97ECD3948A}.Release|Any CPU.Build.0 = Release|Any CPU
		{8E99370A-615D-40FF-8FD3-F71531CDE6C5}.Debug|Any CPU.ActiveCfg = Debug|Any CPU
		{8E99370A-615D-40FF-8FD3-F71531CDE6C5}.Debug|Any CPU.Build.0 = Debug|Any CPU
		{8E99370A-615D-40FF-8FD3-F71531CDE6C5}.Release|Any CPU.ActiveCfg = Release|Any CPU
		{8E99370A-615D-40FF-8FD3-F71531CDE6C5}.Release|Any CPU.Build.0 = Release|Any CPU
		{3AE54668-2827-4C6F-8528-93C869AF6BF6}.Debug|Any CPU.ActiveCfg = Debug|Any CPU
		{3AE54668-2827-4C6F-8528-93C869AF6BF6}.Debug|Any CPU.Build.0 = Debug|Any CPU
		{3AE54668-2827-4C6F-8528-93C869AF6BF6}.Release|Any CPU.ActiveCfg = Release|Any CPU
		{3AE54668-2827-4C6F-8528-93C869AF6BF6}.Release|Any CPU.Build.0 = Release|Any CPU
		{DE9078EE-9117-4401-B513-6C4097C07FBE}.Debug|Any CPU.ActiveCfg = Debug|Any CPU
		{DE9078EE-9117-4401-B513-6C4097C07FBE}.Debug|Any CPU.Build.0 = Debug|Any CPU
		{DE9078EE-9117-4401-B513-6C4097C07FBE}.Release|Any CPU.ActiveCfg = Release|Any CPU
		{DE9078EE-9117-4401-B513-6C4097C07FBE}.Release|Any CPU.Build.0 = Release|Any CPU
		{8FE8A31A-DAC5-4BB4-BFC2-3F215BAD9FB1}.Debug|Any CPU.ActiveCfg = Debug|Any CPU
		{8FE8A31A-DAC5-4BB4-BFC2-3F215BAD9FB1}.Debug|Any CPU.Build.0 = Debug|Any CPU
		{8FE8A31A-DAC5-4BB4-BFC2-3F215BAD9FB1}.Release|Any CPU.ActiveCfg = Release|Any CPU
		{8FE8A31A-DAC5-4BB4-BFC2-3F215BAD9FB1}.Release|Any CPU.Build.0 = Release|Any CPU
	EndGlobalSection
	GlobalSection(SolutionProperties) = preSolution
		HideSolutionNode = FALSE
	EndGlobalSection
	GlobalSection(NestedProjects) = preSolution
		{EFD00032-38D5-41C3-A078-1F390B146EA8} = {F6DB4996-CB59-450F-8C2C-BCAEEBC8DD39}
		{0DA348EC-5305-4207-BA77-D03F80039561} = {F6DB4996-CB59-450F-8C2C-BCAEEBC8DD39}
		{9E4F5946-F8B7-409C-99B1-6A42FB143B88} = {F6DB4996-CB59-450F-8C2C-BCAEEBC8DD39}
		{96A62C38-8374-486A-A48A-5B97ECD3948A} = {B5DA1777-1895-42F1-B6E4-440C76D72285}
		{8E99370A-615D-40FF-8FD3-F71531CDE6C5} = {B5DA1777-1895-42F1-B6E4-440C76D72285}
		{3AE54668-2827-4C6F-8528-93C869AF6BF6} = {B5DA1777-1895-42F1-B6E4-440C76D72285}
		{DE9078EE-9117-4401-B513-6C4097C07FBE} = {B5DA1777-1895-42F1-B6E4-440C76D72285}
		{8FE8A31A-DAC5-4BB4-BFC2-3F215BAD9FB1} = {B5DA1777-1895-42F1-B6E4-440C76D72285}
	EndGlobalSection
	GlobalSection(ExtensibilityGlobals) = postSolution
		SolutionGuid = {FC1F705C-9337-40C2-90EE-058CC308F6FC}
	EndGlobalSection
EndGlobal
